
Microsoft Visual Studio Solution File, Format Version 12.00
# Visual Studio Version 16
VisualStudioVersion = 16.0.30621.155
MinimumVisualStudioVersion = 10.0.40219.1
Project("{9A19103F-16F7-4668-BE54-9A1E7A4F7556}") = "HelpDesk.DAL", "src\HelpDesk.DAL\HelpDesk.DAL.csproj", "{0352740E-5F7C-49D7-BE51-06F6EEC95379}"
EndProject
Project("{9A19103F-16F7-4668-BE54-9A1E7A4F7556}") = "HelpDesk.BLL", "src\HelpDesk.BLL\HelpDesk.BLL.csproj", "{EA60DBF7-FCA2-4952-9CC9-FBD17BA1FCCD}"
EndProject
Project("{9A19103F-16F7-4668-BE54-9A1E7A4F7556}") = "HelpDesk.Common", "src\HelpDesk.Common\HelpDesk.Common.csproj", "{04351A87-309F-4F03-89DA-DAE2C40C63EA}"
EndProject
Project("{9A19103F-16F7-4668-BE54-9A1E7A4F7556}") = "HelpDesk.Web", "src\HelpDesk.Web\HelpDesk.Web.csproj", "{905CA0DF-5E8D-448E-B07B-66CD803772D3}"
EndProject
Global
	GlobalSection(SolutionConfigurationPlatforms) = preSolution
		Debug|Any CPU = Debug|Any CPU
		Release|Any CPU = Release|Any CPU
	EndGlobalSection
	GlobalSection(ProjectConfigurationPlatforms) = postSolution
		{0352740E-5F7C-49D7-BE51-06F6EEC95379}.Debug|Any CPU.ActiveCfg = Debug|Any CPU
		{0352740E-5F7C-49D7-BE51-06F6EEC95379}.Debug|Any CPU.Build.0 = Debug|Any CPU
		{0352740E-5F7C-49D7-BE51-06F6EEC95379}.Release|Any CPU.ActiveCfg = Release|Any CPU
		{0352740E-5F7C-49D7-BE51-06F6EEC95379}.Release|Any CPU.Build.0 = Release|Any CPU
		{EA60DBF7-FCA2-4952-9CC9-FBD17BA1FCCD}.Debug|Any CPU.ActiveCfg = Debug|Any CPU
		{EA60DBF7-FCA2-4952-9CC9-FBD17BA1FCCD}.Debug|Any CPU.Build.0 = Debug|Any CPU
		{EA60DBF7-FCA2-4952-9CC9-FBD17BA1FCCD}.Release|Any CPU.ActiveCfg = Release|Any CPU
		{EA60DBF7-FCA2-4952-9CC9-FBD17BA1FCCD}.Release|Any CPU.Build.0 = Release|Any CPU
		{04351A87-309F-4F03-89DA-DAE2C40C63EA}.Debug|Any CPU.ActiveCfg = Debug|Any CPU
		{04351A87-309F-4F03-89DA-DAE2C40C63EA}.Debug|Any CPU.Build.0 = Debug|Any CPU
		{04351A87-309F-4F03-89DA-DAE2C40C63EA}.Release|Any CPU.ActiveCfg = Release|Any CPU
		{04351A87-309F-4F03-89DA-DAE2C40C63EA}.Release|Any CPU.Build.0 = Release|Any CPU
		{905CA0DF-5E8D-448E-B07B-66CD803772D3}.Debug|Any CPU.ActiveCfg = Debug|Any CPU
		{905CA0DF-5E8D-448E-B07B-66CD803772D3}.Debug|Any CPU.Build.0 = Debug|Any CPU
		{905CA0DF-5E8D-448E-B07B-66CD803772D3}.Release|Any CPU.ActiveCfg = Release|Any CPU
		{905CA0DF-5E8D-448E-B07B-66CD803772D3}.Release|Any CPU.Build.0 = Release|Any CPU
	EndGlobalSection
	GlobalSection(SolutionProperties) = preSolution
		HideSolutionNode = FALSE
	EndGlobalSection
	GlobalSection(ExtensibilityGlobals) = postSolution
		SolutionGuid = {434DDD1B-F65F-476D-853A-90F1B4019898}
	EndGlobalSection
EndGlobal
